// !$*UTF8*$!
{
	archiveVersion = 1;
	classes = {
	};
	objectVersion = 46;
	objects = {

/* Begin PBXBuildFile section */
		534E36C31BC9DCED00B70ACC /* AppDelegate.swift in Sources */ = {isa = PBXBuildFile; fileRef = 534E36C21BC9DCED00B70ACC /* AppDelegate.swift */; };
		534E36C51BC9DCED00B70ACC /* Assets.xcassets in Resources */ = {isa = PBXBuildFile; fileRef = 534E36C41BC9DCED00B70ACC /* Assets.xcassets */; };
		534E36C81BC9DCED00B70ACC /* MainMenu.xib in Resources */ = {isa = PBXBuildFile; fileRef = 534E36C61BC9DCED00B70ACC /* MainMenu.xib */; };
		53B686441C8D011F00CCCF30 /* TimeViewController.swift in Sources */ = {isa = PBXBuildFile; fileRef = 53B686421C8D011F00CCCF30 /* TimeViewController.swift */; settings = {ASSET_TAGS = (); }; };
		53B686451C8D011F00CCCF30 /* TimeViewController.xib in Resources */ = {isa = PBXBuildFile; fileRef = 53B686431C8D011F00CCCF30 /* TimeViewController.xib */; settings = {ASSET_TAGS = (); }; };
		53D61B481C8D034600DEDE12 /* EventMonitor.swift in Sources */ = {isa = PBXBuildFile; fileRef = 53D61B471C8D034600DEDE12 /* EventMonitor.swift */; settings = {ASSET_TAGS = (); }; };
		53D61B4B1C8D0C0800DEDE12 /* PasteBoardUtil.swift in Sources */ = {isa = PBXBuildFile; fileRef = 53D61B4A1C8D0C0800DEDE12 /* PasteBoardUtil.swift */; settings = {ASSET_TAGS = (); }; };
		53D61B4D1C8D1E3E00DEDE12 /* Clock.swift in Sources */ = {isa = PBXBuildFile; fileRef = 53D61B4C1C8D1E3E00DEDE12 /* Clock.swift */; settings = {ASSET_TAGS = (); }; };
		53D61B511C8D42D900DEDE12 /* DateTime.swift in Sources */ = {isa = PBXBuildFile; fileRef = 53D61B501C8D42D900DEDE12 /* DateTime.swift */; settings = {ASSET_TAGS = (); }; };
/* End PBXBuildFile section */

/* Begin PBXFileReference section */
		534E36BF1BC9DCED00B70ACC /* UTCClock.app */ = {isa = PBXFileReference; explicitFileType = wrapper.application; includeInIndex = 0; path = UTCClock.app; sourceTree = BUILT_PRODUCTS_DIR; };
		534E36C21BC9DCED00B70ACC /* AppDelegate.swift */ = {isa = PBXFileReference; lastKnownFileType = sourcecode.swift; path = AppDelegate.swift; sourceTree = "<group>"; };
		534E36C41BC9DCED00B70ACC /* Assets.xcassets */ = {isa = PBXFileReference; lastKnownFileType = folder.assetcatalog; path = Assets.xcassets; sourceTree = "<group>"; };
		534E36C71BC9DCED00B70ACC /* Base */ = {isa = PBXFileReference; lastKnownFileType = file.xib; name = Base; path = Base.lproj/MainMenu.xib; sourceTree = "<group>"; };
		534E36C91BC9DCED00B70ACC /* Info.plist */ = {isa = PBXFileReference; lastKnownFileType = text.plist.xml; path = Info.plist; sourceTree = "<group>"; };
		53B686421C8D011F00CCCF30 /* TimeViewController.swift */ = {isa = PBXFileReference; fileEncoding = 4; lastKnownFileType = sourcecode.swift; path = TimeViewController.swift; sourceTree = "<group>"; };
		53B686431C8D011F00CCCF30 /* TimeViewController.xib */ = {isa = PBXFileReference; fileEncoding = 4; lastKnownFileType = file.xib; path = TimeViewController.xib; sourceTree = "<group>"; };
		53D61B471C8D034600DEDE12 /* EventMonitor.swift */ = {isa = PBXFileReference; fileEncoding = 4; lastKnownFileType = sourcecode.swift; path = EventMonitor.swift; sourceTree = "<group>"; };
		53D61B4A1C8D0C0800DEDE12 /* PasteBoardUtil.swift */ = {isa = PBXFileReference; fileEncoding = 4; lastKnownFileType = sourcecode.swift; path = PasteBoardUtil.swift; sourceTree = "<group>"; };
		53D61B4C1C8D1E3E00DEDE12 /* Clock.swift */ = {isa = PBXFileReference; fileEncoding = 4; lastKnownFileType = sourcecode.swift; path = Clock.swift; sourceTree = "<group>"; };
		53D61B501C8D42D900DEDE12 /* DateTime.swift */ = {isa = PBXFileReference; fileEncoding = 4; lastKnownFileType = sourcecode.swift; path = DateTime.swift; sourceTree = "<group>"; };
/* End PBXFileReference section */

/* Begin PBXFrameworksBuildPhase section */
		534E36BC1BC9DCED00B70ACC /* Frameworks */ = {
			isa = PBXFrameworksBuildPhase;
			buildActionMask = 2147483647;
			files = (
			);
			runOnlyForDeploymentPostprocessing = 0;
		};
/* End PBXFrameworksBuildPhase section */

/* Begin PBXGroup section */
		534E36B61BC9DCED00B70ACC = {
			isa = PBXGroup;
			children = (
				534E36C11BC9DCED00B70ACC /* UTCClock */,
				534E36C01BC9DCED00B70ACC /* Products */,
			);
			sourceTree = "<group>";
		};
		534E36C01BC9DCED00B70ACC /* Products */ = {
			isa = PBXGroup;
			children = (
				534E36BF1BC9DCED00B70ACC /* UTCClock.app */,
			);
			name = Products;
			sourceTree = "<group>";
		};
		534E36C11BC9DCED00B70ACC /* UTCClock */ = {
			isa = PBXGroup;
			children = (
				53D61B471C8D034600DEDE12 /* EventMonitor.swift */,
				53D61B4A1C8D0C0800DEDE12 /* PasteBoardUtil.swift */,
				534E36C21BC9DCED00B70ACC /* AppDelegate.swift */,
				53D61B4C1C8D1E3E00DEDE12 /* Clock.swift */,
				53D61B501C8D42D900DEDE12 /* DateTime.swift */,
				53B686421C8D011F00CCCF30 /* TimeViewController.swift */,
				53B686431C8D011F00CCCF30 /* TimeViewController.xib */,
				534E36C41BC9DCED00B70ACC /* Assets.xcassets */,
				534E36C61BC9DCED00B70ACC /* MainMenu.xib */,
				534E36C91BC9DCED00B70ACC /* Info.plist */,
			);
			path = UTCClock;
			sourceTree = "<group>";
		};
/* End PBXGroup section */

/* Begin PBXNativeTarget section */
		534E36BE1BC9DCED00B70ACC /* UTCClock */ = {
			isa = PBXNativeTarget;
			buildConfigurationList = 534E36CC1BC9DCED00B70ACC /* Build configuration list for PBXNativeTarget "UTCClock" */;
			buildPhases = (
				534E36BB1BC9DCED00B70ACC /* Sources */,
				534E36BC1BC9DCED00B70ACC /* Frameworks */,
				534E36BD1BC9DCED00B70ACC /* Resources */,
			);
			buildRules = (
			);
			dependencies = (
			);
			name = UTCClock;
			productName = UTCClock;
			productReference = 534E36BF1BC9DCED00B70ACC /* UTCClock.app */;
			productType = "com.apple.product-type.application";
		};
/* End PBXNativeTarget section */

/* Begin PBXProject section */
		534E36B71BC9DCED00B70ACC /* Project object */ = {
			isa = PBXProject;
			attributes = {
				LastUpgradeCheck = 0700;
				ORGANIZATIONNAME = "Yan Zhao";
				TargetAttributes = {
					534E36BE1BC9DCED00B70ACC = {
						CreatedOnToolsVersion = 7.0.1;
					};
				};
			};
			buildConfigurationList = 534E36BA1BC9DCED00B70ACC /* Build configuration list for PBXProject "UTCClock" */;
			compatibilityVersion = "Xcode 3.2";
			developmentRegion = English;
			hasScannedForEncodings = 0;
			knownRegions = (
				en,
				Base,
			);
			mainGroup = 534E36B61BC9DCED00B70ACC;
			productRefGroup = 534E36C01BC9DCED00B70ACC /* Products */;
			projectDirPath = "";
			projectRoot = "";
			targets = (
				534E36BE1BC9DCED00B70ACC /* UTCClock */,
			);
		};
/* End PBXProject section */

/* Begin PBXResourcesBuildPhase section */
		534E36BD1BC9DCED00B70ACC /* Resources */ = {
			isa = PBXResourcesBuildPhase;
			buildActionMask = 2147483647;
			files = (
				534E36C51BC9DCED00B70ACC /* Assets.xcassets in Resources */,
				53B686451C8D011F00CCCF30 /* TimeViewController.xib in Resources */,
				534E36C81BC9DCED00B70ACC /* MainMenu.xib in Resources */,
			);
			runOnlyForDeploymentPostprocessing = 0;
		};
/* End PBXResourcesBuildPhase section */

/* Begin PBXSourcesBuildPhase section */
		534E36BB1BC9DCED00B70ACC /* Sources */ = {
			isa = PBXSourcesBuildPhase;
			buildActionMask = 2147483647;
			files = (
				53D61B481C8D034600DEDE12 /* EventMonitor.swift in Sources */,
				534E36C31BC9DCED00B70ACC /* AppDelegate.swift in Sources */,
				53D61B4B1C8D0C0800DEDE12 /* PasteBoardUtil.swift in Sources */,
				53B686441C8D011F00CCCF30 /* TimeViewController.swift in Sources */,
				53D61B511C8D42D900DEDE12 /* DateTime.swift in Sources */,
				53D61B4D1C8D1E3E00DEDE12 /* Clock.swift in Sources */,
			);
			runOnlyForDeploymentPostprocessing = 0;
		};
/* End PBXSourcesBuildPhase section */

/* Begin PBXVariantGroup section */
		534E36C61BC9DCED00B70ACC /* MainMenu.xib */ = {
			isa = PBXVariantGroup;
			children = (
				534E36C71BC9DCED00B70ACC /* Base */,
			);
			name = MainMenu.xib;
			sourceTree = "<group>";
		};
/* End PBXVariantGroup section */

/* Begin XCBuildConfiguration section */
		534E36CA1BC9DCED00B70ACC /* Debug */ = {
			isa = XCBuildConfiguration;
			buildSettings = {
				ALWAYS_SEARCH_USER_PATHS = NO;
				CLANG_CXX_LANGUAGE_STANDARD = "gnu++0x";
				CLANG_CXX_LIBRARY = "libc++";
				CLANG_ENABLE_MODULES = YES;
				CLANG_ENABLE_OBJC_ARC = YES;
				CLANG_WARN_BOOL_CONVERSION = YES;
				CLANG_WARN_CONSTANT_CONVERSION = YES;
				CLANG_WARN_DIRECT_OBJC_ISA_USAGE = YES_ERROR;
				CLANG_WARN_EMPTY_BODY = YES;
				CLANG_WARN_ENUM_CONVERSION = YES;
				CLANG_WARN_INT_CONVERSION = YES;
				CLANG_WARN_OBJC_ROOT_CLASS = YES_ERROR;
				CLANG_WARN_UNREACHABLE_CODE = YES;
				CLANG_WARN__DUPLICATE_METHOD_MATCH = YES;
				CODE_SIGN_IDENTITY = "-";
				COPY_PHASE_STRIP = NO;
				DEBUG_INFORMATION_FORMAT = dwarf;
				ENABLE_STRICT_OBJC_MSGSEND = YES;
				ENABLE_TESTABILITY = YES;
				GCC_C_LANGUAGE_STANDARD = gnu99;
				GCC_DYNAMIC_NO_PIC = NO;
				GCC_NO_COMMON_BLOCKS = YES;
				GCC_OPTIMIZATION_LEVEL = 0;
				GCC_PREPROCESSOR_DEFINITIONS = (
					"DEBUG=1",
					"$(inherited)",
				);
				GCC_WARN_64_TO_32_BIT_CONVERSION = YES;
				GCC_WARN_ABOUT_RETURN_TYPE = YES_ERROR;
				GCC_WARN_UNDECLARED_SELECTOR = YES;
				GCC_WARN_UNINITIALIZED_AUTOS = YES_AGGRESSIVE;
				GCC_WARN_UNUSED_FUNCTION = YES;
				GCC_WARN_UNUSED_VARIABLE = YES;
				MACOSX_DEPLOYMENT_TARGET = 10.10;
				MTL_ENABLE_DEBUG_INFO = YES;
				ONLY_ACTIVE_ARCH = YES;
				SDKROOT = macosx;
				SWIFT_OPTIMIZATION_LEVEL = "-Onone";
			};
			name = Debug;
		};
		534E36CB1BC9DCED00B70ACC /* Release */ = {
			isa = XCBuildConfiguration;
			buildSettings = {
				ALWAYS_SEARCH_USER_PATHS = NO;
				CLANG_CXX_LANGUAGE_STANDARD = "gnu++0x";
				CLANG_CXX_LIBRARY = "libc++";
				CLANG_ENABLE_MODULES = YES;
				CLANG_ENABLE_OBJC_ARC = YES;
				CLANG_WARN_BOOL_CONVERSION = YES;
				CLANG_WARN_CONSTANT_CONVERSION = YES;
				CLANG_WARN_DIRECT_OBJC_ISA_USAGE = YES_ERROR;
				CLANG_WARN_EMPTY_BODY = YES;
				CLANG_WARN_ENUM_CONVERSION = YES;
				CLANG_WARN_INT_CONVERSION = YES;
				CLANG_WARN_OBJC_ROOT_CLASS = YES_ERROR;
				CLANG_WARN_UNREACHABLE_CODE = YES;
				CLANG_WARN__DUPLICATE_METHOD_MATCH = YES;
				CODE_SIGN_IDENTITY = "-";
				COPY_PHASE_STRIP = NO;
				DEBUG_INFORMATION_FORMAT = "dwarf-with-dsym";
				ENABLE_NS_ASSERTIONS = NO;
				ENABLE_STRICT_OBJC_MSGSEND = YES;
				GCC_C_LANGUAGE_STANDARD = gnu99;
				GCC_NO_COMMON_BLOCKS = YES;
				GCC_WARN_64_TO_32_BIT_CONVERSION = YES;
				GCC_WARN_ABOUT_RETURN_TYPE = YES_ERROR;
				GCC_WARN_UNDECLARED_SELECTOR = YES;
				GCC_WARN_UNINITIALIZED_AUTOS = YES_AGGRESSIVE;
				GCC_WARN_UNUSED_FUNCTION = YES;
				GCC_WARN_UNUSED_VARIABLE = YES;
				MACOSX_DEPLOYMENT_TARGET = 10.10;
				MTL_ENABLE_DEBUG_INFO = NO;
				SDKROOT = macosx;
			};
			name = Release;
		};
		534E36CD1BC9DCED00B70ACC /* Debug */ = {
			isa = XCBuildConfiguration;
			buildSettings = {
				ASSETCATALOG_COMPILER_APPICON_NAME = AppIcon;
				COMBINE_HIDPI_IMAGES = YES;
				INFOPLIST_FILE = UTCClock/Info.plist;
				LD_RUNPATH_SEARCH_PATHS = "$(inherited) @executable_path/../Frameworks";
				PRODUCT_BUNDLE_IDENTIFIER = me.yanzhao.UTCClock;
				PRODUCT_NAME = "$(TARGET_NAME)";
			};
			name = Debug;
		};
		534E36CE1BC9DCED00B70ACC /* Release */ = {
			isa = XCBuildConfiguration;
			buildSettings = {
				ASSETCATALOG_COMPILER_APPICON_NAME = AppIcon;
				COMBINE_HIDPI_IMAGES = YES;
				INFOPLIST_FILE = UTCClock/Info.plist;
				LD_RUNPATH_SEARCH_PATHS = "$(inherited) @executable_path/../Frameworks";
				PRODUCT_BUNDLE_IDENTIFIER = me.yanzhao.UTCClock;
				PRODUCT_NAME = "$(TARGET_NAME)";
			};
			name = Release;
		};
/* End XCBuildConfiguration section */

/* Begin XCConfigurationList section */
		534E36BA1BC9DCED00B70ACC /* Build configuration list for PBXProject "UTCClock" */ = {
			isa = XCConfigurationList;
			buildConfigurations = (
				534E36CA1BC9DCED00B70ACC /* Debug */,
				534E36CB1BC9DCED00B70ACC /* Release */,
			);
			defaultConfigurationIsVisible = 0;
			defaultConfigurationName = Release;
		};
		534E36CC1BC9DCED00B70ACC /* Build configuration list for PBXNativeTarget "UTCClock" */ = {
			isa = XCConfigurationList;
			buildConfigurations = (
				534E36CD1BC9DCED00B70ACC /* Debug */,
				534E36CE1BC9DCED00B70ACC /* Release */,
			);
			defaultConfigurationIsVisible = 0;
			defaultConfigurationName = Release;
		};
/* End XCConfigurationList section */
	};
	rootObject = 534E36B71BC9DCED00B70ACC /* Project object */;
}
